// !$*UTF8*$!
{
	archiveVersion = 1;
	classes = {
	};
	objectVersion = 46;
	objects = {

/* Begin PBXBuildFile section */
		9308E1591F5E22C300CBFDC0 /* MissionModel.swift in Sources */ = {isa = PBXBuildFile; fileRef = 9308E1581F5E22C300CBFDC0 /* MissionModel.swift */; };
		9311E1022027B9FC00CE1527 /* SwiftMaskField.swift in Sources */ = {isa = PBXBuildFile; fileRef = 9311E1002027B9FC00CE1527 /* SwiftMaskField.swift */; };
		9311E1032027B9FC00CE1527 /* StringExtensions.swift in Sources */ = {isa = PBXBuildFile; fileRef = 9311E1012027B9FC00CE1527 /* StringExtensions.swift */; };
		93183A621F3E818200E7350D /* AppDelegate.swift in Sources */ = {isa = PBXBuildFile; fileRef = 93183A611F3E818200E7350D /* AppDelegate.swift */; };
		93183A641F3E818200E7350D /* HomeViewController.swift in Sources */ = {isa = PBXBuildFile; fileRef = 93183A631F3E818200E7350D /* HomeViewController.swift */; };
		93183A691F3E818200E7350D /* Main.storyboard in Resources */ = {isa = PBXBuildFile; fileRef = 93183A671F3E818200E7350D /* Main.storyboard */; };
		93183A6B1F3E818200E7350D /* Assets.xcassets in Resources */ = {isa = PBXBuildFile; fileRef = 93183A6A1F3E818200E7350D /* Assets.xcassets */; };
		93183A6E1F3E818200E7350D /* LaunchScreen.storyboard in Resources */ = {isa = PBXBuildFile; fileRef = 93183A6C1F3E818200E7350D /* LaunchScreen.storyboard */; };
		9322D4E01F678827006C9425 /* CustomButtons.swift in Sources */ = {isa = PBXBuildFile; fileRef = 9322D4DF1F678827006C9425 /* CustomButtons.swift */; };
		9322D4E21F6B088C006C9425 /* OnStationModel.swift in Sources */ = {isa = PBXBuildFile; fileRef = 9322D4E11F6B088C006C9425 /* OnStationModel.swift */; };
		9331D32D1F868F9D005984D0 /* FlightSegmentViewController.swift in Sources */ = {isa = PBXBuildFile; fileRef = 9331D32C1F868F9D005984D0 /* FlightSegmentViewController.swift */; };
		934195E21F8296FB00C1B046 /* AlertFunction.swift in Sources */ = {isa = PBXBuildFile; fileRef = 934195E11F8296FB00C1B046 /* AlertFunction.swift */; };
		93678B331F9830BE005DCF5C /* TakeoffDataViewController.swift in Sources */ = {isa = PBXBuildFile; fileRef = 93678B321F9830BE005DCF5C /* TakeoffDataViewController.swift */; };
		93678B551F983F42005DCF5C /* TakeoffDataModel.swift in Sources */ = {isa = PBXBuildFile; fileRef = 93678B541F983F42005DCF5C /* TakeoffDataModel.swift */; };
		936C87491F5F2C7000ACD0E7 /* OnstationViewController.swift in Sources */ = {isa = PBXBuildFile; fileRef = 936C87481F5F2C7000ACD0E7 /* OnstationViewController.swift */; };
		93817A7B20603559000A5869 /* GLOReportViewController.swift in Sources */ = {isa = PBXBuildFile; fileRef = 93817A7A20603559000A5869 /* GLOReportViewController.swift */; };
		93817A7D2060453A000A5869 /* MessageUI.framework in Frameworks */ = {isa = PBXBuildFile; fileRef = 93817A7C2060453A000A5869 /* MessageUI.framework */; };
		93940C54200003F100742D16 /* RunwayDataViewController.swift in Sources */ = {isa = PBXBuildFile; fileRef = 93940C53200003F100742D16 /* RunwayDataViewController.swift */; };
		93A571741FF9AE84004AD795 /* NearbyAirportViewController.swift in Sources */ = {isa = PBXBuildFile; fileRef = 93A571731FF9AE84004AD795 /* NearbyAirportViewController.swift */; };
		93A571771FF9B0F7004AD795 /* MapKit.framework in Frameworks */ = {isa = PBXBuildFile; fileRef = 93A571761FF9B0F7004AD795 /* MapKit.framework */; };
		93E2F0491F5DB76A00E2BB7F /* MissionViewController.swift in Sources */ = {isa = PBXBuildFile; fileRef = 93E2F0481F5DB76A00E2BB7F /* MissionViewController.swift */; };
		93FF846F2002BCC100D2AA75 /* KVQQViewController.swift in Sources */ = {isa = PBXBuildFile; fileRef = 93FF846E2002BCC100D2AA75 /* KVQQViewController.swift */; };
		FA6594311FE89EE400F4A300 /* CustomTextFields.swift in Sources */ = {isa = PBXBuildFile; fileRef = FA6594301FE89EE400F4A300 /* CustomTextFields.swift */; };
		FA7060501F5E3A14006FD6A0 /* FlightCalcModel.swift in Sources */ = {isa = PBXBuildFile; fileRef = FA70604F1F5E3A14006FD6A0 /* FlightCalcModel.swift */; };
		FA7060521F5E3A20006FD6A0 /* FltCalcController.swift in Sources */ = {isa = PBXBuildFile; fileRef = FA7060511F5E3A20006FD6A0 /* FltCalcController.swift */; };
		FA810BEB1FD0B185002BB188 /* TakeOffBriefViewController.swift in Sources */ = {isa = PBXBuildFile; fileRef = FA810BEA1FD0B185002BB188 /* TakeOffBriefViewController.swift */; };
		FAF2C2A71FE8AEAA0084ADF5 /* CheckFields.swift in Sources */ = {isa = PBXBuildFile; fileRef = FAF2C2A61FE8AEAA0084ADF5 /* CheckFields.swift */; };
/* End PBXBuildFile section */

/* Begin PBXFileReference section */
		9308E1581F5E22C300CBFDC0 /* MissionModel.swift */ = {isa = PBXFileReference; fileEncoding = 4; lastKnownFileType = sourcecode.swift; path = MissionModel.swift; sourceTree = "<group>"; };
		9311E1002027B9FC00CE1527 /* SwiftMaskField.swift */ = {isa = PBXFileReference; fileEncoding = 4; lastKnownFileType = sourcecode.swift; path = SwiftMaskField.swift; sourceTree = "<group>"; };
		9311E1012027B9FC00CE1527 /* StringExtensions.swift */ = {isa = PBXFileReference; fileEncoding = 4; lastKnownFileType = sourcecode.swift; path = StringExtensions.swift; sourceTree = "<group>"; };
		93183A5E1F3E818200E7350D /* Master_Flight_App.app */ = {isa = PBXFileReference; explicitFileType = wrapper.application; includeInIndex = 0; path = Master_Flight_App.app; sourceTree = BUILT_PRODUCTS_DIR; };
		93183A611F3E818200E7350D /* AppDelegate.swift */ = {isa = PBXFileReference; lastKnownFileType = sourcecode.swift; path = AppDelegate.swift; sourceTree = "<group>"; };
		93183A631F3E818200E7350D /* HomeViewController.swift */ = {isa = PBXFileReference; lastKnownFileType = sourcecode.swift; path = HomeViewController.swift; sourceTree = "<group>"; };
		93183A681F3E818200E7350D /* Base */ = {isa = PBXFileReference; lastKnownFileType = file.storyboard; name = Base; path = Base.lproj/Main.storyboard; sourceTree = "<group>"; };
		93183A6A1F3E818200E7350D /* Assets.xcassets */ = {isa = PBXFileReference; lastKnownFileType = folder.assetcatalog; path = Assets.xcassets; sourceTree = "<group>"; };
		93183A6D1F3E818200E7350D /* Base */ = {isa = PBXFileReference; lastKnownFileType = file.storyboard; name = Base; path = Base.lproj/LaunchScreen.storyboard; sourceTree = "<group>"; };
		93183A6F1F3E818200E7350D /* Info.plist */ = {isa = PBXFileReference; lastKnownFileType = text.plist.xml; path = Info.plist; sourceTree = "<group>"; };
		9322D4DF1F678827006C9425 /* CustomButtons.swift */ = {isa = PBXFileReference; fileEncoding = 4; lastKnownFileType = sourcecode.swift; path = CustomButtons.swift; sourceTree = "<group>"; };
		9322D4E11F6B088C006C9425 /* OnStationModel.swift */ = {isa = PBXFileReference; fileEncoding = 4; lastKnownFileType = sourcecode.swift; path = OnStationModel.swift; sourceTree = "<group>"; };
		9331D32C1F868F9D005984D0 /* FlightSegmentViewController.swift */ = {isa = PBXFileReference; lastKnownFileType = sourcecode.swift; path = FlightSegmentViewController.swift; sourceTree = "<group>"; };
		934195E11F8296FB00C1B046 /* AlertFunction.swift */ = {isa = PBXFileReference; lastKnownFileType = sourcecode.swift; path = AlertFunction.swift; sourceTree = "<group>"; };
		93678B321F9830BE005DCF5C /* TakeoffDataViewController.swift */ = {isa = PBXFileReference; lastKnownFileType = sourcecode.swift; path = TakeoffDataViewController.swift; sourceTree = "<group>"; };
		93678B541F983F42005DCF5C /* TakeoffDataModel.swift */ = {isa = PBXFileReference; lastKnownFileType = sourcecode.swift; path = TakeoffDataModel.swift; sourceTree = "<group>"; };
		936C87481F5F2C7000ACD0E7 /* OnstationViewController.swift */ = {isa = PBXFileReference; fileEncoding = 4; lastKnownFileType = sourcecode.swift; path = OnstationViewController.swift; sourceTree = "<group>"; };
		93817A7A20603559000A5869 /* GLOReportViewController.swift */ = {isa = PBXFileReference; lastKnownFileType = sourcecode.swift; path = GLOReportViewController.swift; sourceTree = "<group>"; };
		93817A7C2060453A000A5869 /* MessageUI.framework */ = {isa = PBXFileReference; lastKnownFileType = wrapper.framework; name = MessageUI.framework; path = System/Library/Frameworks/MessageUI.framework; sourceTree = SDKROOT; };
		93940C53200003F100742D16 /* RunwayDataViewController.swift */ = {isa = PBXFileReference; lastKnownFileType = sourcecode.swift; path = RunwayDataViewController.swift; sourceTree = "<group>"; };
		93A571731FF9AE84004AD795 /* NearbyAirportViewController.swift */ = {isa = PBXFileReference; lastKnownFileType = sourcecode.swift; path = NearbyAirportViewController.swift; sourceTree = "<group>"; };
		93A571761FF9B0F7004AD795 /* MapKit.framework */ = {isa = PBXFileReference; lastKnownFileType = wrapper.framework; name = MapKit.framework; path = System/Library/Frameworks/MapKit.framework; sourceTree = SDKROOT; };
		93E2F0481F5DB76A00E2BB7F /* MissionViewController.swift */ = {isa = PBXFileReference; fileEncoding = 4; lastKnownFileType = sourcecode.swift; path = MissionViewController.swift; sourceTree = "<group>"; };
		93FF846E2002BCC100D2AA75 /* KVQQViewController.swift */ = {isa = PBXFileReference; lastKnownFileType = sourcecode.swift; path = KVQQViewController.swift; sourceTree = "<group>"; };
		FA6594301FE89EE400F4A300 /* CustomTextFields.swift */ = {isa = PBXFileReference; fileEncoding = 4; lastKnownFileType = sourcecode.swift; path = CustomTextFields.swift; sourceTree = "<group>"; };
		FA70604F1F5E3A14006FD6A0 /* FlightCalcModel.swift */ = {isa = PBXFileReference; fileEncoding = 4; lastKnownFileType = sourcecode.swift; path = FlightCalcModel.swift; sourceTree = "<group>"; };
		FA7060511F5E3A20006FD6A0 /* FltCalcController.swift */ = {isa = PBXFileReference; fileEncoding = 4; lastKnownFileType = sourcecode.swift; path = FltCalcController.swift; sourceTree = "<group>"; };
		FA810BEA1FD0B185002BB188 /* TakeOffBriefViewController.swift */ = {isa = PBXFileReference; lastKnownFileType = sourcecode.swift; path = TakeOffBriefViewController.swift; sourceTree = "<group>"; };
		FAF2C2A61FE8AEAA0084ADF5 /* CheckFields.swift */ = {isa = PBXFileReference; lastKnownFileType = sourcecode.swift; path = CheckFields.swift; sourceTree = "<group>"; };
/* End PBXFileReference section */

/* Begin PBXFrameworksBuildPhase section */
		93183A5B1F3E818200E7350D /* Frameworks */ = {
			isa = PBXFrameworksBuildPhase;
			buildActionMask = 2147483647;
			files = (
				93817A7D2060453A000A5869 /* MessageUI.framework in Frameworks */,
				93A571771FF9B0F7004AD795 /* MapKit.framework in Frameworks */,
			);
			runOnlyForDeploymentPostprocessing = 0;
		};
/* End PBXFrameworksBuildPhase section */

/* Begin PBXGroup section */
		93183A551F3E818200E7350D = {
			isa = PBXGroup;
			children = (
				93183A601F3E818200E7350D /* Master_Flight_App */,
				93183A5F1F3E818200E7350D /* Products */,
				93A571751FF9B0F7004AD795 /* Frameworks */,
			);
			sourceTree = "<group>";
		};
		93183A5F1F3E818200E7350D /* Products */ = {
			isa = PBXGroup;
			children = (
				93183A5E1F3E818200E7350D /* Master_Flight_App.app */,
			);
			name = Products;
			sourceTree = "<group>";
		};
		93183A601F3E818200E7350D /* Master_Flight_App */ = {
			isa = PBXGroup;
			children = (
				93183A611F3E818200E7350D /* AppDelegate.swift */,
				93183A671F3E818200E7350D /* Main.storyboard */,
				93FF84732002BEBA00D2AA75 /* Runway VC's */,
				93FF84712002BE8300D2AA75 /* Models */,
				93FF84722002BEA400D2AA75 /* View Controllers */,
				FAF2C2A61FE8AEAA0084ADF5 /* CheckFields.swift */,
				9311E1002027B9FC00CE1527 /* SwiftMaskField.swift */,
				9311E1012027B9FC00CE1527 /* StringExtensions.swift */,
				FA6594301FE89EE400F4A300 /* CustomTextFields.swift */,
				934195E11F8296FB00C1B046 /* AlertFunction.swift */,
				9322D4DF1F678827006C9425 /* CustomButtons.swift */,
				93183A6A1F3E818200E7350D /* Assets.xcassets */,
				93183A6C1F3E818200E7350D /* LaunchScreen.storyboard */,
				93183A6F1F3E818200E7350D /* Info.plist */,
			);
			path = Master_Flight_App;
			sourceTree = "<group>";
		};
		93A571751FF9B0F7004AD795 /* Frameworks */ = {
			isa = PBXGroup;
			children = (
				93817A7C2060453A000A5869 /* MessageUI.framework */,
				93A571761FF9B0F7004AD795 /* MapKit.framework */,
			);
			name = Frameworks;
			sourceTree = "<group>";
		};
		93FF84712002BE8300D2AA75 /* Models */ = {
			isa = PBXGroup;
			children = (
				FA70604F1F5E3A14006FD6A0 /* FlightCalcModel.swift */,
				9308E1581F5E22C300CBFDC0 /* MissionModel.swift */,
				9322D4E11F6B088C006C9425 /* OnStationModel.swift */,
				93678B541F983F42005DCF5C /* TakeoffDataModel.swift */,
			);
			path = Models;
			sourceTree = "<group>";
		};
		93FF84722002BEA400D2AA75 /* View Controllers */ = {
			isa = PBXGroup;
			children = (
				93183A631F3E818200E7350D /* HomeViewController.swift */,
				FA7060511F5E3A20006FD6A0 /* FltCalcController.swift */,
				93E2F0481F5DB76A00E2BB7F /* MissionViewController.swift */,
				936C87481F5F2C7000ACD0E7 /* OnstationViewController.swift */,
				93A571731FF9AE84004AD795 /* NearbyAirportViewController.swift */,
				93940C53200003F100742D16 /* RunwayDataViewController.swift */,
				FA810BEA1FD0B185002BB188 /* TakeOffBriefViewController.swift */,
				93678B321F9830BE005DCF5C /* TakeoffDataViewController.swift */,
				9331D32C1F868F9D005984D0 /* FlightSegmentViewController.swift */,
				93817A7A20603559000A5869 /* GLOReportViewController.swift */,
			);
			path = "View Controllers";
			sourceTree = "<group>";
		};
		93FF84732002BEBA00D2AA75 /* Runway VC's */ = {
			isa = PBXGroup;
			children = (
				93FF846E2002BCC100D2AA75 /* KVQQViewController.swift */,
			);
			path = "Runway VC's";
			sourceTree = "<group>";
		};
/* End PBXGroup section */

/* Begin PBXNativeTarget section */
		93183A5D1F3E818200E7350D /* Master_Flight_App */ = {
			isa = PBXNativeTarget;
			buildConfigurationList = 93183A721F3E818200E7350D /* Build configuration list for PBXNativeTarget "Master_Flight_App" */;
			buildPhases = (
				93183A5A1F3E818200E7350D /* Sources */,
				93183A5B1F3E818200E7350D /* Frameworks */,
				93183A5C1F3E818200E7350D /* Resources */,
			);
			buildRules = (
			);
			dependencies = (
			);
			name = Master_Flight_App;
			productName = Master_Flight_App;
			productReference = 93183A5E1F3E818200E7350D /* Master_Flight_App.app */;
			productType = "com.apple.product-type.application";
		};
/* End PBXNativeTarget section */

/* Begin PBXProject section */
		93183A561F3E818200E7350D /* Project object */ = {
			isa = PBXProject;
			attributes = {
				LastSwiftUpdateCheck = 0830;
				LastUpgradeCheck = 0900;
				ORGANIZATIONNAME = "Gregory Boyd";
				TargetAttributes = {
					93183A5D1F3E818200E7350D = {
						CreatedOnToolsVersion = 8.3.3;
						DevelopmentTeam = YKY42GMVFE;
						LastSwiftMigration = 0900;
						ProvisioningStyle = Automatic;
						SystemCapabilities = {
							com.apple.Maps.iOS = {
								enabled = 1;
							};
						};
					};
				};
			};
			buildConfigurationList = 93183A591F3E818200E7350D /* Build configuration list for PBXProject "Master_Flight_App" */;
			compatibilityVersion = "Xcode 3.2";
			developmentRegion = English;
			hasScannedForEncodings = 0;
			knownRegions = (
				en,
				Base,
			);
			mainGroup = 93183A551F3E818200E7350D;
			productRefGroup = 93183A5F1F3E818200E7350D /* Products */;
			projectDirPath = "";
			projectRoot = "";
			targets = (
				93183A5D1F3E818200E7350D /* Master_Flight_App */,
			);
		};
/* End PBXProject section */

/* Begin PBXResourcesBuildPhase section */
		93183A5C1F3E818200E7350D /* Resources */ = {
			isa = PBXResourcesBuildPhase;
			buildActionMask = 2147483647;
			files = (
				93183A6E1F3E818200E7350D /* LaunchScreen.storyboard in Resources */,
				93183A6B1F3E818200E7350D /* Assets.xcassets in Resources */,
				93183A691F3E818200E7350D /* Main.storyboard in Resources */,
			);
			runOnlyForDeploymentPostprocessing = 0;
		};
/* End PBXResourcesBuildPhase section */

/* Begin PBXSourcesBuildPhase section */
		93183A5A1F3E818200E7350D /* Sources */ = {
			isa = PBXSourcesBuildPhase;
			buildActionMask = 2147483647;
			files = (
				9308E1591F5E22C300CBFDC0 /* MissionModel.swift in Sources */,
				93817A7B20603559000A5869 /* GLOReportViewController.swift in Sources */,
				FAF2C2A71FE8AEAA0084ADF5 /* CheckFields.swift in Sources */,
				936C87491F5F2C7000ACD0E7 /* OnstationViewController.swift in Sources */,
				9311E1032027B9FC00CE1527 /* StringExtensions.swift in Sources */,
				93678B331F9830BE005DCF5C /* TakeoffDataViewController.swift in Sources */,
				93183A621F3E818200E7350D /* AppDelegate.swift in Sources */,
				FA7060501F5E3A14006FD6A0 /* FlightCalcModel.swift in Sources */,
				9322D4E01F678827006C9425 /* CustomButtons.swift in Sources */,
				93A571741FF9AE84004AD795 /* NearbyAirportViewController.swift in Sources */,
				FA6594311FE89EE400F4A300 /* CustomTextFields.swift in Sources */,
				93183A641F3E818200E7350D /* HomeViewController.swift in Sources */,
				9322D4E21F6B088C006C9425 /* OnStationModel.swift in Sources */,
				FA810BEB1FD0B185002BB188 /* TakeOffBriefViewController.swift in Sources */,
				9311E1022027B9FC00CE1527 /* SwiftMaskField.swift in Sources */,
				934195E21F8296FB00C1B046 /* AlertFunction.swift in Sources */,
				93678B551F983F42005DCF5C /* TakeoffDataModel.swift in Sources */,
				93940C54200003F100742D16 /* RunwayDataViewController.swift in Sources */,
				93E2F0491F5DB76A00E2BB7F /* MissionViewController.swift in Sources */,
				FA7060521F5E3A20006FD6A0 /* FltCalcController.swift in Sources */,
				93FF846F2002BCC100D2AA75 /* KVQQViewController.swift in Sources */,
				9331D32D1F868F9D005984D0 /* FlightSegmentViewController.swift in Sources */,
			);
			runOnlyForDeploymentPostprocessing = 0;
		};
/* End PBXSourcesBuildPhase section */

/* Begin PBXVariantGroup section */
		93183A671F3E818200E7350D /* Main.storyboard */ = {
			isa = PBXVariantGroup;
			children = (
				93183A681F3E818200E7350D /* Base */,
			);
			name = Main.storyboard;
			sourceTree = "<group>";
		};
		93183A6C1F3E818200E7350D /* LaunchScreen.storyboard */ = {
			isa = PBXVariantGroup;
			children = (
				93183A6D1F3E818200E7350D /* Base */,
			);
			name = LaunchScreen.storyboard;
			sourceTree = "<group>";
		};
/* End PBXVariantGroup section */

/* Begin XCBuildConfiguration section */
		93183A701F3E818200E7350D /* Debug */ = {
			isa = XCBuildConfiguration;
			buildSettings = {
				ALWAYS_SEARCH_USER_PATHS = NO;
				CLANG_ANALYZER_NONNULL = YES;
				CLANG_ANALYZER_NUMBER_OBJECT_CONVERSION = YES_AGGRESSIVE;
				CLANG_CXX_LANGUAGE_STANDARD = "gnu++0x";
				CLANG_CXX_LIBRARY = "libc++";
				CLANG_ENABLE_MODULES = YES;
				CLANG_ENABLE_OBJC_ARC = YES;
				CLANG_WARN_BLOCK_CAPTURE_AUTORELEASING = YES;
				CLANG_WARN_BOOL_CONVERSION = YES;
				CLANG_WARN_COMMA = YES;
				CLANG_WARN_CONSTANT_CONVERSION = YES;
				CLANG_WARN_DIRECT_OBJC_ISA_USAGE = YES_ERROR;
				CLANG_WARN_DOCUMENTATION_COMMENTS = YES;
				CLANG_WARN_EMPTY_BODY = YES;
				CLANG_WARN_ENUM_CONVERSION = YES;
				CLANG_WARN_INFINITE_RECURSION = YES;
				CLANG_WARN_INT_CONVERSION = YES;
				CLANG_WARN_NON_LITERAL_NULL_CONVERSION = YES;
				CLANG_WARN_OBJC_LITERAL_CONVERSION = YES;
				CLANG_WARN_OBJC_ROOT_CLASS = YES_ERROR;
				CLANG_WARN_RANGE_LOOP_ANALYSIS = YES;
				CLANG_WARN_STRICT_PROTOTYPES = YES;
				CLANG_WARN_SUSPICIOUS_MOVE = YES;
				CLANG_WARN_UNREACHABLE_CODE = YES;
				CLANG_WARN__DUPLICATE_METHOD_MATCH = YES;
				"CODE_SIGN_IDENTITY[sdk=iphoneos*]" = "iPhone Developer";
				COPY_PHASE_STRIP = NO;
				DEBUG_INFORMATION_FORMAT = dwarf;
				ENABLE_STRICT_OBJC_MSGSEND = YES;
				ENABLE_TESTABILITY = YES;
				GCC_C_LANGUAGE_STANDARD = gnu99;
				GCC_DYNAMIC_NO_PIC = NO;
				GCC_NO_COMMON_BLOCKS = YES;
				GCC_OPTIMIZATION_LEVEL = 0;
				GCC_PREPROCESSOR_DEFINITIONS = (
					"DEBUG=1",
					"$(inherited)",
				);
				GCC_WARN_64_TO_32_BIT_CONVERSION = YES;
				GCC_WARN_ABOUT_RETURN_TYPE = YES_ERROR;
				GCC_WARN_UNDECLARED_SELECTOR = YES;
				GCC_WARN_UNINITIALIZED_AUTOS = YES_AGGRESSIVE;
				GCC_WARN_UNUSED_FUNCTION = YES;
				GCC_WARN_UNUSED_VARIABLE = YES;
				IPHONEOS_DEPLOYMENT_TARGET = 10.3;
				MTL_ENABLE_DEBUG_INFO = YES;
				ONLY_ACTIVE_ARCH = YES;
				SDKROOT = iphoneos;
				SWIFT_ACTIVE_COMPILATION_CONDITIONS = DEBUG;
				SWIFT_OPTIMIZATION_LEVEL = "-Onone";
				TARGETED_DEVICE_FAMILY = "1,2";
			};
			name = Debug;
		};
		93183A711F3E818200E7350D /* Release */ = {
			isa = XCBuildConfiguration;
			buildSettings = {
				ALWAYS_SEARCH_USER_PATHS = NO;
				CLANG_ANALYZER_NONNULL = YES;
				CLANG_ANALYZER_NUMBER_OBJECT_CONVERSION = YES_AGGRESSIVE;
				CLANG_CXX_LANGUAGE_STANDARD = "gnu++0x";
				CLANG_CXX_LIBRARY = "libc++";
				CLANG_ENABLE_MODULES = YES;
				CLANG_ENABLE_OBJC_ARC = YES;
				CLANG_WARN_BLOCK_CAPTURE_AUTORELEASING = YES;
				CLANG_WARN_BOOL_CONVERSION = YES;
				CLANG_WARN_COMMA = YES;
				CLANG_WARN_CONSTANT_CONVERSION = YES;
				CLANG_WARN_DIRECT_OBJC_ISA_USAGE = YES_ERROR;
				CLANG_WARN_DOCUMENTATION_COMMENTS = YES;
				CLANG_WARN_EMPTY_BODY = YES;
				CLANG_WARN_ENUM_CONVERSION = YES;
				CLANG_WARN_INFINITE_RECURSION = YES;
				CLANG_WARN_INT_CONVERSION = YES;
				CLANG_WARN_NON_LITERAL_NULL_CONVERSION = YES;
				CLANG_WARN_OBJC_LITERAL_CONVERSION = YES;
				CLANG_WARN_OBJC_ROOT_CLASS = YES_ERROR;
				CLANG_WARN_RANGE_LOOP_ANALYSIS = YES;
				CLANG_WARN_STRICT_PROTOTYPES = YES;
				CLANG_WARN_SUSPICIOUS_MOVE = YES;
				CLANG_WARN_UNREACHABLE_CODE = YES;
				CLANG_WARN__DUPLICATE_METHOD_MATCH = YES;
				"CODE_SIGN_IDENTITY[sdk=iphoneos*]" = "iPhone Developer";
				COPY_PHASE_STRIP = NO;
				DEBUG_INFORMATION_FORMAT = "dwarf-with-dsym";
				ENABLE_NS_ASSERTIONS = NO;
				ENABLE_STRICT_OBJC_MSGSEND = YES;
				GCC_C_LANGUAGE_STANDARD = gnu99;
				GCC_NO_COMMON_BLOCKS = YES;
				GCC_WARN_64_TO_32_BIT_CONVERSION = YES;
				GCC_WARN_ABOUT_RETURN_TYPE = YES_ERROR;
				GCC_WARN_UNDECLARED_SELECTOR = YES;
				GCC_WARN_UNINITIALIZED_AUTOS = YES_AGGRESSIVE;
				GCC_WARN_UNUSED_FUNCTION = YES;
				GCC_WARN_UNUSED_VARIABLE = YES;
				IPHONEOS_DEPLOYMENT_TARGET = 10.3;
				MTL_ENABLE_DEBUG_INFO = NO;
				SDKROOT = iphoneos;
				SWIFT_OPTIMIZATION_LEVEL = "-Owholemodule";
				TARGETED_DEVICE_FAMILY = "1,2";
				VALIDATE_PRODUCT = YES;
			};
			name = Release;
		};
		93183A731F3E818200E7350D /* Debug */ = {
			isa = XCBuildConfiguration;
			buildSettings = {
				ASSETCATALOG_COMPILER_APPICON_NAME = AppIcon;
				DEVELOPMENT_TEAM = YKY42GMVFE;
				INFOPLIST_FILE = Master_Flight_App/Info.plist;
				LD_RUNPATH_SEARCH_PATHS = "$(inherited) @executable_path/Frameworks";
				PRODUCT_BUNDLE_IDENTIFIER = "com.GregoryBoyd.Master-Flight-App";
				PRODUCT_NAME = "$(TARGET_NAME)";
				SWIFT_SWIFT3_OBJC_INFERENCE = Default;
				SWIFT_VERSION = 4.0;
				TARGETED_DEVICE_FAMILY = "1,2";
			};
			name = Debug;
		};
		93183A741F3E818200E7350D /* Release */ = {
			isa = XCBuildConfiguration;
			buildSettings = {
				ASSETCATALOG_COMPILER_APPICON_NAME = AppIcon;
				DEVELOPMENT_TEAM = YKY42GMVFE;
				INFOPLIST_FILE = Master_Flight_App/Info.plist;
				LD_RUNPATH_SEARCH_PATHS = "$(inherited) @executable_path/Frameworks";
				PRODUCT_BUNDLE_IDENTIFIER = "com.GregoryBoyd.Master-Flight-App";
				PRODUCT_NAME = "$(TARGET_NAME)";
				SWIFT_SWIFT3_OBJC_INFERENCE = Default;
				SWIFT_VERSION = 4.0;
				TARGETED_DEVICE_FAMILY = "1,2";
			};
			name = Release;
		};
/* End XCBuildConfiguration section */

/* Begin XCConfigurationList section */
		93183A591F3E818200E7350D /* Build configuration list for PBXProject "Master_Flight_App" */ = {
			isa = XCConfigurationList;
			buildConfigurations = (
				93183A701F3E818200E7350D /* Debug */,
				93183A711F3E818200E7350D /* Release */,
			);
			defaultConfigurationIsVisible = 0;
			defaultConfigurationName = Release;
		};
		93183A721F3E818200E7350D /* Build configuration list for PBXNativeTarget "Master_Flight_App" */ = {
			isa = XCConfigurationList;
			buildConfigurations = (
				93183A731F3E818200E7350D /* Debug */,
				93183A741F3E818200E7350D /* Release */,
			);
			defaultConfigurationIsVisible = 0;
			defaultConfigurationName = Release;
		};
/* End XCConfigurationList section */
	};
	rootObject = 93183A561F3E818200E7350D /* Project object */;
}
